
Microsoft Visual Studio Solution File, Format Version 12.00
# Visual Studio 15
Project("{FAE04EC0-301F-11D3-BF4B-00C04F79EFBC}") = "Assembly-CSharp", "Assembly-CSharp.csproj", "{9C28C14B-7582-6089-95A4-8BD631BBE75A}"
EndProject
Project("{FAE04EC0-301F-11D3-BF4B-00C04F79EFBC}") = "Assembly-CSharp-Editor", "Assembly-CSharp-Editor.csproj", "{444DD38B-F70C-2489-5937-08B25A7DB444}"
EndProject
Global
	GlobalSection(SolutionConfigurationPlatforms) = preSolution
		Debug|Any CPU = Debug|Any CPU
		Release|Any CPU = Release|Any CPU
	EndGlobalSection
	GlobalSection(ProjectConfigurationPlatforms) = postSolution
		{9C28C14B-7582-6089-95A4-8BD631BBE75A}.Debug|Any CPU.ActiveCfg = Debug|Any CPU
		{9C28C14B-7582-6089-95A4-8BD631BBE75A}.Debug|Any CPU.Build.0 = Debug|Any CPU
		{9C28C14B-7582-6089-95A4-8BD631BBE75A}.Release|Any CPU.ActiveCfg = Release|Any CPU
		{9C28C14B-7582-6089-95A4-8BD631BBE75A}.Release|Any CPU.Build.0 = Release|Any CPU
		{444DD38B-F70C-2489-5937-08B25A7DB444}.Debug|Any CPU.ActiveCfg = Debug|Any CPU
		{444DD38B-F70C-2489-5937-08B25A7DB444}.Debug|Any CPU.Build.0 = Debug|Any CPU
		{444DD38B-F70C-2489-5937-08B25A7DB444}.Release|Any CPU.ActiveCfg = Release|Any CPU
		{444DD38B-F70C-2489-5937-08B25A7DB444}.Release|Any CPU.Build.0 = Release|Any CPU
	EndGlobalSection
	GlobalSection(SolutionProperties) = preSolution
		HideSolutionNode = FALSE
	EndGlobalSection
EndGlobal
